
Microsoft Visual Studio Solution File, Format Version 12.00
# Visual Studio Version 17
VisualStudioVersion = 17.8.34322.80
MinimumVisualStudioVersion = 10.0.40219.1
Project("{FAE04EC0-301F-11D3-BF4B-00C04F79EFBC}") = "HeapSort", "HeapSort\HeapSort.csproj", "{3416EA1A-A63C-47D5-BB92-615095E7A857}"
EndProject
Global
	GlobalSection(SolutionConfigurationPlatforms) = preSolution
		Debug|Any CPU = Debug|Any CPU
		Release|Any CPU = Release|Any CPU
	EndGlobalSection
	GlobalSection(ProjectConfigurationPlatforms) = postSolution
		{3416EA1A-A63C-47D5-BB92-615095E7A857}.Debug|Any CPU.ActiveCfg = Debug|Any CPU
		{3416EA1A-A63C-47D5-BB92-615095E7A857}.Debug|Any CPU.Build.0 = Debug|Any CPU
		{3416EA1A-A63C-47D5-BB92-615095E7A857}.Release|Any CPU.ActiveCfg = Release|Any CPU
		{3416EA1A-A63C-47D5-BB92-615095E7A857}.Release|Any CPU.Build.0 = Release|Any CPU
	EndGlobalSection
	GlobalSection(SolutionProperties) = preSolution
		HideSolutionNode = FALSE
	EndGlobalSection
	GlobalSection(ExtensibilityGlobals) = postSolution
		SolutionGuid = {B34428D9-2837-4C8B-8831-1C6CC34B2245}
	EndGlobalSection
EndGlobal
